{
  "version": 4,
  "terraform_version": "1.8.4",
  "serial": 3,
  "lineage": "aeb8617c-bedf-8397-b9c7-f35aad87227e",
  "outputs": {
    "ip_address": {
      "value": "188.245.56.9",
      "type": "string"
    }
  },
  "resources": [
    {
      "mode": "data",
      "type": "hcloud_ssh_key",
      "name": "gaia_key",
      "provider": "provider[\"registry.terraform.io/hetznercloud/hcloud\"]",
      "instances": [
        {
          "schema_version": 0,
          "attributes": {
            "fingerprint": "a1:c4:07:0f:7c:99:9f:50:43:a6:04:b0:fd:5f:2c:fa",
            "id": 20488341,
            "labels": {},
            "name": "Public key of the Gaia machine",
            "public_key": "ssh-rsa AAAAB3NzaC1yc2EAAAADAQABAAABgQDUAl/qrUV1Nkcd7fPbYAahOAg7p4Nn5+Gkv5Y1lQ/Hm7DqSJki9mmxhtuB/HHV3pZuriAzVJKpee8q8p55EnWhv9xw04oHBXYuJYzkU0kNMiZGMgh/Z8BNkY7QBqitDLOeCNk8gKpKYY0kbINvUaWUNy/JQdmLUu9erCzbkkC0k3KLTlVRr6ZyKuJ6yHX9zYHDJRw9iO+SKA7V/fFVBZtxfYXNN0GaDw6+33z7A7pxbt4wlCuFir2AYTUcU6E2jwrtpq9gwJ0dXiiOW5H/RRGJ1D3VDIcag+Zy7p54K3fH2KOgjujbPq6SS8zJ8/GE+iHCCVxhLnXLin66rRUOIbYVzxPtryX+f4fAxfxTWKLMNWWIVFa11/FOJ792j9MIuYvV/dn3nICsBSQToGQ94A7LoN6W0j4INViHbkzEZVaXQth2urFQ/1NmJGnQkbRR8/XU4ej06WUtie9oGjNY2SXOKVahjBWoybunbtKuv4gtz/XEQKjQDU4T1qXJ6k11jEM= gurghet@Gaia.local",
            "selector": null,
            "with_selector": null
          },
          "sensitive_attributes": []
        }
      ]
    },
    {
      "mode": "managed",
      "type": "hcloud_server",
      "name": "master_node",
      "provider": "provider[\"registry.terraform.io/hetznercloud/hcloud\"]",
      "instances": [
        {
          "schema_version": 0,
          "attributes": {
            "allow_deprecated_images": false,
            "backup_window": "",
            "backups": false,
            "datacenter": "fsn1-dc14",
            "delete_protection": false,
            "firewall_ids": [],
            "id": "48888771",
            "ignore_remote_firewall_ids": false,
            "image": "ubuntu-20.04",
            "ipv4_address": "188.245.56.9",
            "ipv6_address": "2a01:4f8:c012:eb11::1",
            "ipv6_network": "2a01:4f8:c012:eb11::/64",
            "iso": null,
            "keep_disk": false,
            "labels": null,
            "location": "fsn1",
            "name": "geppetto",
            "network": [],
            "placement_group_id": 0,
            "primary_disk_size": 80,
            "public_net": [],
            "rebuild_protection": false,
            "rescue": null,
            "server_type": "cax21",
            "shutdown_before_deletion": false,
            "ssh_keys": [
              "20488341"
            ],
            "status": "running",
            "timeouts": null,
            "user_data": "tQn8sS82+xa2qWlcV6F9zY3K1Lw="
          },
          "sensitive_attributes": [],
          "private": "eyJlMmJmYjczMC1lY2FhLTExZTYtOGY4OC0zNDM2M2JjN2M0YzAiOnsiY3JlYXRlIjo1NDAwMDAwMDAwMDAwfX0=",
          "dependencies": [
            "data.hcloud_ssh_key.gaia_key"
          ]
        }
      ]
    }
  ],
  "check_results": null
}
